// !$*UTF8*$!
{
	archiveVersion = 1;
	classes = {
	};
	objectVersion = 46;
	objects = {

/* Begin PBXBuildFile section */
		CB166B6E18ACC7C200BEFBC0 /* ANGridCollectionViewFlowLayout.m in Sources */ = {isa = PBXBuildFile; fileRef = CB166B6D18ACC7C200BEFBC0 /* ANGridCollectionViewFlowLayout.m */; };
		CB422C221880B8AC0002095D /* ANGridItemCell.m in Sources */ = {isa = PBXBuildFile; fileRef = CB422C211880B8AC0002095D /* ANGridItemCell.m */; };
		CB422C241880B8C10002095D /* ANGridItemCell.xib in Resources */ = {isa = PBXBuildFile; fileRef = CB422C231880B8C10002095D /* ANGridItemCell.xib */; };
		CB422C2718814EF30002095D /* ANGridValidator.m in Sources */ = {isa = PBXBuildFile; fileRef = CB422C2618814EF30002095D /* ANGridValidator.m */; };
		CB498E0F1880732C007F1F01 /* Foundation.framework in Frameworks */ = {isa = PBXBuildFile; fileRef = CB498E0E1880732C007F1F01 /* Foundation.framework */; };
		CB498E111880732C007F1F01 /* CoreGraphics.framework in Frameworks */ = {isa = PBXBuildFile; fileRef = CB498E101880732C007F1F01 /* CoreGraphics.framework */; };
		CB498E131880732C007F1F01 /* UIKit.framework in Frameworks */ = {isa = PBXBuildFile; fileRef = CB498E121880732C007F1F01 /* UIKit.framework */; };
		CB498E191880732C007F1F01 /* InfoPlist.strings in Resources */ = {isa = PBXBuildFile; fileRef = CB498E171880732C007F1F01 /* InfoPlist.strings */; };
		CB498E1B1880732C007F1F01 /* main.m in Sources */ = {isa = PBXBuildFile; fileRef = CB498E1A1880732C007F1F01 /* main.m */; };
		CB498E1F1880732C007F1F01 /* ANAppDelegate.m in Sources */ = {isa = PBXBuildFile; fileRef = CB498E1E1880732C007F1F01 /* ANAppDelegate.m */; };
		CB498E211880732C007F1F01 /* Images.xcassets in Resources */ = {isa = PBXBuildFile; fileRef = CB498E201880732C007F1F01 /* Images.xcassets */; };
		CB498E281880732C007F1F01 /* XCTest.framework in Frameworks */ = {isa = PBXBuildFile; fileRef = CB498E271880732C007F1F01 /* XCTest.framework */; };
		CB498E291880732C007F1F01 /* Foundation.framework in Frameworks */ = {isa = PBXBuildFile; fileRef = CB498E0E1880732C007F1F01 /* Foundation.framework */; };
		CB498E2A1880732C007F1F01 /* UIKit.framework in Frameworks */ = {isa = PBXBuildFile; fileRef = CB498E121880732C007F1F01 /* UIKit.framework */; };
		CB498E4318807AD0007F1F01 /* ANGridItem.m in Sources */ = {isa = PBXBuildFile; fileRef = CB498E4218807AD0007F1F01 /* ANGridItem.m */; };
		CB498E4D18807B4E007F1F01 /* ANGridViewController.m in Sources */ = {isa = PBXBuildFile; fileRef = CB498E4B18807B4E007F1F01 /* ANGridViewController.m */; };
		CB498E4E18807B4E007F1F01 /* ANGridViewController.xib in Resources */ = {isa = PBXBuildFile; fileRef = CB498E4C18807B4E007F1F01 /* ANGridViewController.xib */; };
		CB498E5118807CF2007F1F01 /* ANGridItemNumber.m in Sources */ = {isa = PBXBuildFile; fileRef = CB498E5018807CF2007F1F01 /* ANGridItemNumber.m */; };
		CB498E5418807D98007F1F01 /* ANGridItemMine.m in Sources */ = {isa = PBXBuildFile; fileRef = CB498E5318807D98007F1F01 /* ANGridItemMine.m */; };
		CB498E5718807F1C007F1F01 /* ANGrid.m in Sources */ = {isa = PBXBuildFile; fileRef = CB498E5618807F1C007F1F01 /* ANGrid.m */; };
		CB498E5A18807FB7007F1F01 /* ANGridSeeder.m in Sources */ = {isa = PBXBuildFile; fileRef = CB498E5918807FB7007F1F01 /* ANGridSeeder.m */; };
/* End PBXBuildFile section */

/* Begin PBXContainerItemProxy section */
		CB498E2B1880732C007F1F01 /* PBXContainerItemProxy */ = {
			isa = PBXContainerItemProxy;
			containerPortal = CB498E031880732B007F1F01 /* Project object */;
			proxyType = 1;
			remoteGlobalIDString = CB498E0A1880732B007F1F01;
			remoteInfo = Minesweeper;
		};
/* End PBXContainerItemProxy section */

/* Begin PBXFileReference section */
		CB166B6C18ACC7C200BEFBC0 /* ANGridCollectionViewFlowLayout.h */ = {isa = PBXFileReference; fileEncoding = 4; lastKnownFileType = sourcecode.c.h; path = ANGridCollectionViewFlowLayout.h; sourceTree = "<group>"; };
		CB166B6D18ACC7C200BEFBC0 /* ANGridCollectionViewFlowLayout.m */ = {isa = PBXFileReference; fileEncoding = 4; lastKnownFileType = sourcecode.c.objc; path = ANGridCollectionViewFlowLayout.m; sourceTree = "<group>"; };
		CB422C201880B8AC0002095D /* ANGridItemCell.h */ = {isa = PBXFileReference; fileEncoding = 4; lastKnownFileType = sourcecode.c.h; path = ANGridItemCell.h; sourceTree = "<group>"; };
		CB422C211880B8AC0002095D /* ANGridItemCell.m */ = {isa = PBXFileReference; fileEncoding = 4; lastKnownFileType = sourcecode.c.objc; path = ANGridItemCell.m; sourceTree = "<group>"; };
		CB422C231880B8C10002095D /* ANGridItemCell.xib */ = {isa = PBXFileReference; fileEncoding = 4; lastKnownFileType = file.xib; path = ANGridItemCell.xib; sourceTree = "<group>"; };
		CB422C2518814EF30002095D /* ANGridValidator.h */ = {isa = PBXFileReference; fileEncoding = 4; lastKnownFileType = sourcecode.c.h; path = ANGridValidator.h; sourceTree = "<group>"; };
		CB422C2618814EF30002095D /* ANGridValidator.m */ = {isa = PBXFileReference; fileEncoding = 4; lastKnownFileType = sourcecode.c.objc; path = ANGridValidator.m; sourceTree = "<group>"; };
		CB498E0B1880732B007F1F01 /* Minesweeper.app */ = {isa = PBXFileReference; explicitFileType = wrapper.application; includeInIndex = 0; path = Minesweeper.app; sourceTree = BUILT_PRODUCTS_DIR; };
		CB498E0E1880732C007F1F01 /* Foundation.framework */ = {isa = PBXFileReference; lastKnownFileType = wrapper.framework; name = Foundation.framework; path = System/Library/Frameworks/Foundation.framework; sourceTree = SDKROOT; };
		CB498E101880732C007F1F01 /* CoreGraphics.framework */ = {isa = PBXFileReference; lastKnownFileType = wrapper.framework; name = CoreGraphics.framework; path = System/Library/Frameworks/CoreGraphics.framework; sourceTree = SDKROOT; };
		CB498E121880732C007F1F01 /* UIKit.framework */ = {isa = PBXFileReference; lastKnownFileType = wrapper.framework; name = UIKit.framework; path = System/Library/Frameworks/UIKit.framework; sourceTree = SDKROOT; };
		CB498E161880732C007F1F01 /* Minesweeper-Info.plist */ = {isa = PBXFileReference; lastKnownFileType = text.plist.xml; path = "Minesweeper-Info.plist"; sourceTree = "<group>"; };
		CB498E181880732C007F1F01 /* en */ = {isa = PBXFileReference; lastKnownFileType = text.plist.strings; name = en; path = en.lproj/InfoPlist.strings; sourceTree = "<group>"; };
		CB498E1A1880732C007F1F01 /* main.m */ = {isa = PBXFileReference; lastKnownFileType = sourcecode.c.objc; path = main.m; sourceTree = "<group>"; };
		CB498E1C1880732C007F1F01 /* Minesweeper-Prefix.pch */ = {isa = PBXFileReference; lastKnownFileType = sourcecode.c.h; path = "Minesweeper-Prefix.pch"; sourceTree = "<group>"; };
		CB498E1D1880732C007F1F01 /* ANAppDelegate.h */ = {isa = PBXFileReference; lastKnownFileType = sourcecode.c.h; path = ANAppDelegate.h; sourceTree = "<group>"; };
		CB498E1E1880732C007F1F01 /* ANAppDelegate.m */ = {isa = PBXFileReference; lastKnownFileType = sourcecode.c.objc; path = ANAppDelegate.m; sourceTree = "<group>"; };
		CB498E201880732C007F1F01 /* Images.xcassets */ = {isa = PBXFileReference; lastKnownFileType = folder.assetcatalog; path = Images.xcassets; sourceTree = "<group>"; };
		CB498E261880732C007F1F01 /* MinesweeperTests.xctest */ = {isa = PBXFileReference; explicitFileType = wrapper.cfbundle; includeInIndex = 0; path = MinesweeperTests.xctest; sourceTree = BUILT_PRODUCTS_DIR; };
		CB498E271880732C007F1F01 /* XCTest.framework */ = {isa = PBXFileReference; lastKnownFileType = wrapper.framework; name = XCTest.framework; path = Library/Frameworks/XCTest.framework; sourceTree = DEVELOPER_DIR; };
		CB498E4118807AD0007F1F01 /* ANGridItem.h */ = {isa = PBXFileReference; fileEncoding = 4; lastKnownFileType = sourcecode.c.h; path = ANGridItem.h; sourceTree = "<group>"; };
		CB498E4218807AD0007F1F01 /* ANGridItem.m */ = {isa = PBXFileReference; fileEncoding = 4; lastKnownFileType = sourcecode.c.objc; path = ANGridItem.m; sourceTree = "<group>"; };
		CB498E4A18807B4E007F1F01 /* ANGridViewController.h */ = {isa = PBXFileReference; fileEncoding = 4; lastKnownFileType = sourcecode.c.h; path = ANGridViewController.h; sourceTree = "<group>"; };
		CB498E4B18807B4E007F1F01 /* ANGridViewController.m */ = {isa = PBXFileReference; fileEncoding = 4; lastKnownFileType = sourcecode.c.objc; path = ANGridViewController.m; sourceTree = "<group>"; };
		CB498E4C18807B4E007F1F01 /* ANGridViewController.xib */ = {isa = PBXFileReference; fileEncoding = 4; lastKnownFileType = file.xib; path = ANGridViewController.xib; sourceTree = "<group>"; };
		CB498E4F18807CF2007F1F01 /* ANGridItemNumber.h */ = {isa = PBXFileReference; fileEncoding = 4; lastKnownFileType = sourcecode.c.h; path = ANGridItemNumber.h; sourceTree = "<group>"; };
		CB498E5018807CF2007F1F01 /* ANGridItemNumber.m */ = {isa = PBXFileReference; fileEncoding = 4; lastKnownFileType = sourcecode.c.objc; path = ANGridItemNumber.m; sourceTree = "<group>"; };
		CB498E5218807D98007F1F01 /* ANGridItemMine.h */ = {isa = PBXFileReference; fileEncoding = 4; lastKnownFileType = sourcecode.c.h; path = ANGridItemMine.h; sourceTree = "<group>"; };
		CB498E5318807D98007F1F01 /* ANGridItemMine.m */ = {isa = PBXFileReference; fileEncoding = 4; lastKnownFileType = sourcecode.c.objc; path = ANGridItemMine.m; sourceTree = "<group>"; };
		CB498E5518807F1C007F1F01 /* ANGrid.h */ = {isa = PBXFileReference; fileEncoding = 4; lastKnownFileType = sourcecode.c.h; path = ANGrid.h; sourceTree = "<group>"; };
		CB498E5618807F1C007F1F01 /* ANGrid.m */ = {isa = PBXFileReference; fileEncoding = 4; lastKnownFileType = sourcecode.c.objc; path = ANGrid.m; sourceTree = "<group>"; };
		CB498E5818807FB7007F1F01 /* ANGridSeeder.h */ = {isa = PBXFileReference; fileEncoding = 4; lastKnownFileType = sourcecode.c.h; path = ANGridSeeder.h; sourceTree = "<group>"; };
		CB498E5918807FB7007F1F01 /* ANGridSeeder.m */ = {isa = PBXFileReference; fileEncoding = 4; lastKnownFileType = sourcecode.c.objc; path = ANGridSeeder.m; sourceTree = "<group>"; };
/* End PBXFileReference section */

/* Begin PBXFrameworksBuildPhase section */
		CB498E081880732B007F1F01 /* Frameworks */ = {
			isa = PBXFrameworksBuildPhase;
			buildActionMask = 2147483647;
			files = (
				CB498E111880732C007F1F01 /* CoreGraphics.framework in Frameworks */,
				CB498E131880732C007F1F01 /* UIKit.framework in Frameworks */,
				CB498E0F1880732C007F1F01 /* Foundation.framework in Frameworks */,
			);
			runOnlyForDeploymentPostprocessing = 0;
		};
		CB498E231880732C007F1F01 /* Frameworks */ = {
			isa = PBXFrameworksBuildPhase;
			buildActionMask = 2147483647;
			files = (
				CB498E281880732C007F1F01 /* XCTest.framework in Frameworks */,
				CB498E2A1880732C007F1F01 /* UIKit.framework in Frameworks */,
				CB498E291880732C007F1F01 /* Foundation.framework in Frameworks */,
			);
			runOnlyForDeploymentPostprocessing = 0;
		};
/* End PBXFrameworksBuildPhase section */

/* Begin PBXGroup section */
		CB422C1F1880B8AC0002095D /* Cells */ = {
			isa = PBXGroup;
			children = (
				CB422C201880B8AC0002095D /* ANGridItemCell.h */,
				CB422C211880B8AC0002095D /* ANGridItemCell.m */,
				CB422C231880B8C10002095D /* ANGridItemCell.xib */,
			);
			path = Cells;
			sourceTree = "<group>";
		};
		CB498E021880732B007F1F01 = {
			isa = PBXGroup;
			children = (
				CB498E141880732C007F1F01 /* Minesweeper */,
				CB498E0D1880732B007F1F01 /* Frameworks */,
				CB498E0C1880732B007F1F01 /* Products */,
			);
			sourceTree = "<group>";
		};
		CB498E0C1880732B007F1F01 /* Products */ = {
			isa = PBXGroup;
			children = (
				CB498E0B1880732B007F1F01 /* Minesweeper.app */,
				CB498E261880732C007F1F01 /* MinesweeperTests.xctest */,
			);
			name = Products;
			sourceTree = "<group>";
		};
		CB498E0D1880732B007F1F01 /* Frameworks */ = {
			isa = PBXGroup;
			children = (
				CB498E0E1880732C007F1F01 /* Foundation.framework */,
				CB498E101880732C007F1F01 /* CoreGraphics.framework */,
				CB498E121880732C007F1F01 /* UIKit.framework */,
				CB498E271880732C007F1F01 /* XCTest.framework */,
			);
			name = Frameworks;
			sourceTree = "<group>";
		};
		CB498E141880732C007F1F01 /* Minesweeper */ = {
			isa = PBXGroup;
			children = (
				CB498E1D1880732C007F1F01 /* ANAppDelegate.h */,
				CB498E1E1880732C007F1F01 /* ANAppDelegate.m */,
				CB498E5818807FB7007F1F01 /* ANGridSeeder.h */,
				CB498E5918807FB7007F1F01 /* ANGridSeeder.m */,
				CB422C2518814EF30002095D /* ANGridValidator.h */,
				CB422C2618814EF30002095D /* ANGridValidator.m */,
				CB166B6C18ACC7C200BEFBC0 /* ANGridCollectionViewFlowLayout.h */,
				CB166B6D18ACC7C200BEFBC0 /* ANGridCollectionViewFlowLayout.m */,
				CB498E4918807B4E007F1F01 /* View Controllers */,
				CB422C1F1880B8AC0002095D /* Cells */,
				CB498E4018807AD0007F1F01 /* Models */,
				CB498E201880732C007F1F01 /* Images.xcassets */,
				CB498E151880732C007F1F01 /* Supporting Files */,
			);
			path = Minesweeper;
			sourceTree = "<group>";
		};
		CB498E151880732C007F1F01 /* Supporting Files */ = {
			isa = PBXGroup;
			children = (
				CB498E161880732C007F1F01 /* Minesweeper-Info.plist */,
				CB498E171880732C007F1F01 /* InfoPlist.strings */,
				CB498E1A1880732C007F1F01 /* main.m */,
				CB498E1C1880732C007F1F01 /* Minesweeper-Prefix.pch */,
			);
			name = "Supporting Files";
			sourceTree = "<group>";
		};
		CB498E4018807AD0007F1F01 /* Models */ = {
			isa = PBXGroup;
			children = (
				CB498E5518807F1C007F1F01 /* ANGrid.h */,
				CB498E5618807F1C007F1F01 /* ANGrid.m */,
				CB498E4118807AD0007F1F01 /* ANGridItem.h */,
				CB498E4218807AD0007F1F01 /* ANGridItem.m */,
				CB498E4F18807CF2007F1F01 /* ANGridItemNumber.h */,
				CB498E5018807CF2007F1F01 /* ANGridItemNumber.m */,
				CB498E5218807D98007F1F01 /* ANGridItemMine.h */,
				CB498E5318807D98007F1F01 /* ANGridItemMine.m */,
			);
			path = Models;
			sourceTree = "<group>";
		};
		CB498E4918807B4E007F1F01 /* View Controllers */ = {
			isa = PBXGroup;
			children = (
				CB498E4A18807B4E007F1F01 /* ANGridViewController.h */,
				CB498E4B18807B4E007F1F01 /* ANGridViewController.m */,
				CB498E4C18807B4E007F1F01 /* ANGridViewController.xib */,
			);
			path = "View Controllers";
			sourceTree = "<group>";
		};
/* End PBXGroup section */

/* Begin PBXNativeTarget section */
		CB498E0A1880732B007F1F01 /* Minesweeper */ = {
			isa = PBXNativeTarget;
			buildConfigurationList = CB498E371880732C007F1F01 /* Build configuration list for PBXNativeTarget "Minesweeper" */;
			buildPhases = (
				CB498E071880732B007F1F01 /* Sources */,
				CB498E081880732B007F1F01 /* Frameworks */,
				CB498E091880732B007F1F01 /* Resources */,
			);
			buildRules = (
			);
			dependencies = (
			);
			name = Minesweeper;
			productName = Minesweeper;
			productReference = CB498E0B1880732B007F1F01 /* Minesweeper.app */;
			productType = "com.apple.product-type.application";
		};
		CB498E251880732C007F1F01 /* MinesweeperTests */ = {
			isa = PBXNativeTarget;
			buildConfigurationList = CB498E3A1880732C007F1F01 /* Build configuration list for PBXNativeTarget "MinesweeperTests" */;
			buildPhases = (
				CB498E221880732C007F1F01 /* Sources */,
				CB498E231880732C007F1F01 /* Frameworks */,
				CB498E241880732C007F1F01 /* Resources */,
			);
			buildRules = (
			);
			dependencies = (
				CB498E2C1880732C007F1F01 /* PBXTargetDependency */,
			);
			name = MinesweeperTests;
			productName = MinesweeperTests;
			productReference = CB498E261880732C007F1F01 /* MinesweeperTests.xctest */;
			productType = "com.apple.product-type.bundle.unit-test";
		};
/* End PBXNativeTarget section */

/* Begin PBXProject section */
		CB498E031880732B007F1F01 /* Project object */ = {
			isa = PBXProject;
			attributes = {
				CLASSPREFIX = AN;
				LastUpgradeCheck = 0500;
				ORGANIZATIONNAME = "antrix1989@gmail.com";
				TargetAttributes = {
					CB498E251880732C007F1F01 = {
						TestTargetID = CB498E0A1880732B007F1F01;
					};
				};
			};
			buildConfigurationList = CB498E061880732B007F1F01 /* Build configuration list for PBXProject "Minesweeper" */;
			compatibilityVersion = "Xcode 3.2";
			developmentRegion = English;
			hasScannedForEncodings = 0;
			knownRegions = (
				en,
			);
			mainGroup = CB498E021880732B007F1F01;
			productRefGroup = CB498E0C1880732B007F1F01 /* Products */;
			projectDirPath = "";
			projectRoot = "";
			targets = (
				CB498E0A1880732B007F1F01 /* Minesweeper */,
				CB498E251880732C007F1F01 /* MinesweeperTests */,
			);
		};
/* End PBXProject section */

/* Begin PBXResourcesBuildPhase section */
		CB498E091880732B007F1F01 /* Resources */ = {
			isa = PBXResourcesBuildPhase;
			buildActionMask = 2147483647;
			files = (
				CB498E191880732C007F1F01 /* InfoPlist.strings in Resources */,
				CB498E4E18807B4E007F1F01 /* ANGridViewController.xib in Resources */,
				CB498E211880732C007F1F01 /* Images.xcassets in Resources */,
				CB422C241880B8C10002095D /* ANGridItemCell.xib in Resources */,
			);
			runOnlyForDeploymentPostprocessing = 0;
		};
		CB498E241880732C007F1F01 /* Resources */ = {
			isa = PBXResourcesBuildPhase;
			buildActionMask = 2147483647;
			files = (
			);
			runOnlyForDeploymentPostprocessing = 0;
		};
/* End PBXResourcesBuildPhase section */

/* Begin PBXSourcesBuildPhase section */
		CB498E071880732B007F1F01 /* Sources */ = {
			isa = PBXSourcesBuildPhase;
			buildActionMask = 2147483647;
			files = (
				CB498E4318807AD0007F1F01 /* ANGridItem.m in Sources */,
				CB498E4D18807B4E007F1F01 /* ANGridViewController.m in Sources */,
				CB422C221880B8AC0002095D /* ANGridItemCell.m in Sources */,
				CB498E5418807D98007F1F01 /* ANGridItemMine.m in Sources */,
				CB498E5118807CF2007F1F01 /* ANGridItemNumber.m in Sources */,
				CB422C2718814EF30002095D /* ANGridValidator.m in Sources */,
				CB498E5718807F1C007F1F01 /* ANGrid.m in Sources */,
				CB498E1B1880732C007F1F01 /* main.m in Sources */,
				CB166B6E18ACC7C200BEFBC0 /* ANGridCollectionViewFlowLayout.m in Sources */,
				CB498E5A18807FB7007F1F01 /* ANGridSeeder.m in Sources */,
				CB498E1F1880732C007F1F01 /* ANAppDelegate.m in Sources */,
			);
			runOnlyForDeploymentPostprocessing = 0;
		};
		CB498E221880732C007F1F01 /* Sources */ = {
			isa = PBXSourcesBuildPhase;
			buildActionMask = 2147483647;
			files = (
			);
			runOnlyForDeploymentPostprocessing = 0;
		};
/* End PBXSourcesBuildPhase section */

/* Begin PBXTargetDependency section */
		CB498E2C1880732C007F1F01 /* PBXTargetDependency */ = {
			isa = PBXTargetDependency;
			target = CB498E0A1880732B007F1F01 /* Minesweeper */;
			targetProxy = CB498E2B1880732C007F1F01 /* PBXContainerItemProxy */;
		};
/* End PBXTargetDependency section */

/* Begin PBXVariantGroup section */
		CB498E171880732C007F1F01 /* InfoPlist.strings */ = {
			isa = PBXVariantGroup;
			children = (
				CB498E181880732C007F1F01 /* en */,
			);
			name = InfoPlist.strings;
			sourceTree = "<group>";
		};
/* End PBXVariantGroup section */

/* Begin XCBuildConfiguration section */
		CB498E351880732C007F1F01 /* Debug */ = {
			isa = XCBuildConfiguration;
			buildSettings = {
				ALWAYS_SEARCH_USER_PATHS = NO;
				ARCHS = "$(ARCHS_STANDARD_INCLUDING_64_BIT)";
				CLANG_CXX_LANGUAGE_STANDARD = "gnu++0x";
				CLANG_CXX_LIBRARY = "libc++";
				CLANG_ENABLE_MODULES = YES;
				CLANG_ENABLE_OBJC_ARC = YES;
				CLANG_WARN_BOOL_CONVERSION = YES;
				CLANG_WARN_CONSTANT_CONVERSION = YES;
				CLANG_WARN_DIRECT_OBJC_ISA_USAGE = YES_ERROR;
				CLANG_WARN_EMPTY_BODY = YES;
				CLANG_WARN_ENUM_CONVERSION = YES;
				CLANG_WARN_INT_CONVERSION = YES;
				CLANG_WARN_OBJC_ROOT_CLASS = YES_ERROR;
				CLANG_WARN__DUPLICATE_METHOD_MATCH = YES;
				"CODE_SIGN_IDENTITY[sdk=iphoneos*]" = "iPhone Developer";
				COPY_PHASE_STRIP = NO;
				GCC_C_LANGUAGE_STANDARD = gnu99;
				GCC_DYNAMIC_NO_PIC = NO;
				GCC_OPTIMIZATION_LEVEL = 0;
				GCC_PREPROCESSOR_DEFINITIONS = (
					"DEBUG=1",
					"$(inherited)",
				);
				GCC_SYMBOLS_PRIVATE_EXTERN = NO;
				GCC_WARN_64_TO_32_BIT_CONVERSION = YES;
				GCC_WARN_ABOUT_RETURN_TYPE = YES_ERROR;
				GCC_WARN_UNDECLARED_SELECTOR = YES;
				GCC_WARN_UNINITIALIZED_AUTOS = YES;
				GCC_WARN_UNUSED_FUNCTION = YES;
				GCC_WARN_UNUSED_VARIABLE = YES;
				IPHONEOS_DEPLOYMENT_TARGET = 7.0;
				ONLY_ACTIVE_ARCH = YES;
				SDKROOT = iphoneos;
			};
			name = Debug;
		};
		CB498E361880732C007F1F01 /* Release */ = {
			isa = XCBuildConfiguration;
			buildSettings = {
				ALWAYS_SEARCH_USER_PATHS = NO;
				ARCHS = "$(ARCHS_STANDARD_INCLUDING_64_BIT)";
				CLANG_CXX_LANGUAGE_STANDARD = "gnu++0x";
				CLANG_CXX_LIBRARY = "libc++";
				CLANG_ENABLE_MODULES = YES;
				CLANG_ENABLE_OBJC_ARC = YES;
				CLANG_WARN_BOOL_CONVERSION = YES;
				CLANG_WARN_CONSTANT_CONVERSION = YES;
				CLANG_WARN_DIRECT_OBJC_ISA_USAGE = YES_ERROR;
				CLANG_WARN_EMPTY_BODY = YES;
				CLANG_WARN_ENUM_CONVERSION = YES;
				CLANG_WARN_INT_CONVERSION = YES;
				CLANG_WARN_OBJC_ROOT_CLASS = YES_ERROR;
				CLANG_WARN__DUPLICATE_METHOD_MATCH = YES;
				"CODE_SIGN_IDENTITY[sdk=iphoneos*]" = "iPhone Developer";
				COPY_PHASE_STRIP = YES;
				ENABLE_NS_ASSERTIONS = NO;
				GCC_C_LANGUAGE_STANDARD = gnu99;
				GCC_WARN_64_TO_32_BIT_CONVERSION = YES;
				GCC_WARN_ABOUT_RETURN_TYPE = YES_ERROR;
				GCC_WARN_UNDECLARED_SELECTOR = YES;
				GCC_WARN_UNINITIALIZED_AUTOS = YES;
				GCC_WARN_UNUSED_FUNCTION = YES;
				GCC_WARN_UNUSED_VARIABLE = YES;
				IPHONEOS_DEPLOYMENT_TARGET = 7.0;
				SDKROOT = iphoneos;
				VALIDATE_PRODUCT = YES;
			};
			name = Release;
		};
		CB498E381880732C007F1F01 /* Debug */ = {
			isa = XCBuildConfiguration;
			buildSettings = {
				ASSETCATALOG_COMPILER_APPICON_NAME = AppIcon;
				ASSETCATALOG_COMPILER_LAUNCHIMAGE_NAME = LaunchImage;
				GCC_PRECOMPILE_PREFIX_HEADER = YES;
				GCC_PREFIX_HEADER = "Minesweeper/Minesweeper-Prefix.pch";
				INFOPLIST_FILE = "Minesweeper/Minesweeper-Info.plist";
				PRODUCT_NAME = "$(TARGET_NAME)";
				WRAPPER_EXTENSION = app;
			};
			name = Debug;
		};
		CB498E391880732C007F1F01 /* Release */ = {
			isa = XCBuildConfiguration;
			buildSettings = {
				ASSETCATALOG_COMPILER_APPICON_NAME = AppIcon;
				ASSETCATALOG_COMPILER_LAUNCHIMAGE_NAME = LaunchImage;
				GCC_PRECOMPILE_PREFIX_HEADER = YES;
				GCC_PREFIX_HEADER = "Minesweeper/Minesweeper-Prefix.pch";
				INFOPLIST_FILE = "Minesweeper/Minesweeper-Info.plist";
				PRODUCT_NAME = "$(TARGET_NAME)";
				WRAPPER_EXTENSION = app;
			};
			name = Release;
		};
		CB498E3B1880732C007F1F01 /* Debug */ = {
			isa = XCBuildConfiguration;
			buildSettings = {
				ARCHS = "$(ARCHS_STANDARD_INCLUDING_64_BIT)";
				BUNDLE_LOADER = "$(BUILT_PRODUCTS_DIR)/Minesweeper.app/Minesweeper";
				FRAMEWORK_SEARCH_PATHS = (
					"$(SDKROOT)/Developer/Library/Frameworks",
					"$(inherited)",
					"$(DEVELOPER_FRAMEWORKS_DIR)",
				);
				GCC_PRECOMPILE_PREFIX_HEADER = YES;
				GCC_PREFIX_HEADER = "Minesweeper/Minesweeper-Prefix.pch";
				GCC_PREPROCESSOR_DEFINITIONS = (
					"DEBUG=1",
					"$(inherited)",
				);
				INFOPLIST_FILE = "MinesweeperTests/MinesweeperTests-Info.plist";
				PRODUCT_NAME = "$(TARGET_NAME)";
				TEST_HOST = "$(BUNDLE_LOADER)";
				WRAPPER_EXTENSION = xctest;
			};
			name = Debug;
		};
		CB498E3C1880732C007F1F01 /* Release */ = {
			isa = XCBuildConfiguration;
			buildSettings = {
				ARCHS = "$(ARCHS_STANDARD_INCLUDING_64_BIT)";
				BUNDLE_LOADER = "$(BUILT_PRODUCTS_DIR)/Minesweeper.app/Minesweeper";
				FRAMEWORK_SEARCH_PATHS = (
					"$(SDKROOT)/Developer/Library/Frameworks",
					"$(inherited)",
					"$(DEVELOPER_FRAMEWORKS_DIR)",
				);
				GCC_PRECOMPILE_PREFIX_HEADER = YES;
				GCC_PREFIX_HEADER = "Minesweeper/Minesweeper-Prefix.pch";
				INFOPLIST_FILE = "MinesweeperTests/MinesweeperTests-Info.plist";
				PRODUCT_NAME = "$(TARGET_NAME)";
				TEST_HOST = "$(BUNDLE_LOADER)";
				WRAPPER_EXTENSION = xctest;
			};
			name = Release;
		};
/* End XCBuildConfiguration section */

/* Begin XCConfigurationList section */
		CB498E061880732B007F1F01 /* Build configuration list for PBXProject "Minesweeper" */ = {
			isa = XCConfigurationList;
			buildConfigurations = (
				CB498E351880732C007F1F01 /* Debug */,
				CB498E361880732C007F1F01 /* Release */,
			);
			defaultConfigurationIsVisible = 0;
			defaultConfigurationName = Release;
		};
		CB498E371880732C007F1F01 /* Build configuration list for PBXNativeTarget "Minesweeper" */ = {
			isa = XCConfigurationList;
			buildConfigurations = (
				CB498E381880732C007F1F01 /* Debug */,
				CB498E391880732C007F1F01 /* Release */,
			);
			defaultConfigurationIsVisible = 0;
			defaultConfigurationName = Release;
		};
		CB498E3A1880732C007F1F01 /* Build configuration list for PBXNativeTarget "MinesweeperTests" */ = {
			isa = XCConfigurationList;
			buildConfigurations = (
				CB498E3B1880732C007F1F01 /* Debug */,
				CB498E3C1880732C007F1F01 /* Release */,
			);
			defaultConfigurationIsVisible = 0;
			defaultConfigurationName = Release;
		};
/* End XCConfigurationList section */
	};
	rootObject = CB498E031880732B007F1F01 /* Project object */;
}
